{
  "meteor": {},
  "dependencies": {
    "basePackages": {
      "iron-router": {},
      "accounts-ui-bootstrap-dropdown": {},
      "jquery-ui": {},
      "meteor-file": {},
      "spin": {}
    },
    "packages": {
      "iron-router": {
        "git": "https://github.com/EventedMind/iron-router.git",
        "tag": "v0.6.1",
        "commit": "4e1ee0581d68bff422a915dacb0bd30eae10fe08"
      },
      "accounts-ui-bootstrap-dropdown": {
        "git": "https://github.com/erobit/meteor-accounts-ui-bootstrap-dropdown.git",
        "tag": "v0.6.5.1",
        "commit": "c8b29d2e7f8611d6dec9d6d23c1c2b94e000b0fb"
      },
      "jquery-ui": {
        "git": "https://github.com/TimHeckel/meteor-jquery-ui.git",
        "tag": "v1.9.2",
        "commit": "c437d45edcf1367df8d5ffa8bad2867758030bd2"
      },
      "meteor-file": {
        "git": "https://github.com/EventedMind/meteor-file.git",
        "tag": "v0.0.7",
        "commit": "5d3edaaccfb9d0995cf848abfb61c3bd101ea507"
      },
      "spin": {
        "git": "https://github.com/SachaG/meteor-spin.git",
        "tag": "v0.2.0",
        "commit": "fd3a2871a69442848b4b4e74f5e1ae28fa4a95a4"
      }
    }
  }
}
